
Microsoft Visual Studio Solution File, Format Version 12.00
# Visual Studio Version 17
VisualStudioVersion = 17.9.34714.143
MinimumVisualStudioVersion = 10.0.40219.1
Project("{FAE04EC0-301F-11D3-BF4B-00C04F79EFBC}") = "asp_net_project_kaminskyi_item_23_1_web", "asp_net_project_kaminskyi_item_23_1_web\asp_net_project_kaminskyi_item_23_1_web.csproj", "{7C08AA7D-7CB8-40ED-AEE4-84163A118DB9}"
EndProject
Project("{FAE04EC0-301F-11D3-BF4B-00C04F79EFBC}") = "asp_net_kaminskyi_persistance", "asp_net_kaminskyi_persistance\asp_net_kaminskyi_persistance.csproj", "{8B0180A6-BF6E-4F74-9466-C51239C331D7}"
EndProject
Project("{FAE04EC0-301F-11D3-BF4B-00C04F79EFBC}") = "asp_net_kaminskyi_domain", "asp_net_kaminskyi_domain\asp_net_kaminskyi_domain.csproj", "{CCE91B55-B582-4C54-99B8-B5B64048C1C0}"
EndProject
Global
	GlobalSection(SolutionConfigurationPlatforms) = preSolution
		Debug|Any CPU = Debug|Any CPU
		Release|Any CPU = Release|Any CPU
	EndGlobalSection
	GlobalSection(ProjectConfigurationPlatforms) = postSolution
		{7C08AA7D-7CB8-40ED-AEE4-84163A118DB9}.Debug|Any CPU.ActiveCfg = Debug|Any CPU
		{7C08AA7D-7CB8-40ED-AEE4-84163A118DB9}.Debug|Any CPU.Build.0 = Debug|Any CPU
		{7C08AA7D-7CB8-40ED-AEE4-84163A118DB9}.Release|Any CPU.ActiveCfg = Release|Any CPU
		{7C08AA7D-7CB8-40ED-AEE4-84163A118DB9}.Release|Any CPU.Build.0 = Release|Any CPU
		{8B0180A6-BF6E-4F74-9466-C51239C331D7}.Debug|Any CPU.ActiveCfg = Debug|Any CPU
		{8B0180A6-BF6E-4F74-9466-C51239C331D7}.Debug|Any CPU.Build.0 = Debug|Any CPU
		{8B0180A6-BF6E-4F74-9466-C51239C331D7}.Release|Any CPU.ActiveCfg = Release|Any CPU
		{8B0180A6-BF6E-4F74-9466-C51239C331D7}.Release|Any CPU.Build.0 = Release|Any CPU
		{CCE91B55-B582-4C54-99B8-B5B64048C1C0}.Debug|Any CPU.ActiveCfg = Debug|Any CPU
		{CCE91B55-B582-4C54-99B8-B5B64048C1C0}.Debug|Any CPU.Build.0 = Debug|Any CPU
		{CCE91B55-B582-4C54-99B8-B5B64048C1C0}.Release|Any CPU.ActiveCfg = Release|Any CPU
		{CCE91B55-B582-4C54-99B8-B5B64048C1C0}.Release|Any CPU.Build.0 = Release|Any CPU
	EndGlobalSection
	GlobalSection(SolutionProperties) = preSolution
		HideSolutionNode = FALSE
	EndGlobalSection
	GlobalSection(ExtensibilityGlobals) = postSolution
		SolutionGuid = {47319FBC-AA30-436D-A0FE-E612ECE7D930}
	EndGlobalSection
EndGlobal
